22805
/snap/eclipse/124/usr/lib/eclipse/plugins/org.eclipse.justj.openjdk.hotspot.jre.full.linux.x86_64_21.0.7.v20250502-0916/jre/bin/java -XX:+ShowCodeDetailsInExceptionMessages -agentlib:jdwp=transport=dt_socket,suspend=y,address=localhost:36339 -javaagent:/home/yasin/snap/eclipse/124/amd64/configuration/org.eclipse.osgi/247/0/.cp/lib/javaagent-shaded.jar -Dfile.encoding=UTF-8 -Dstdout.encoding=UTF-8 -Dstderr.encoding=UTF-8 -classpath /home/yasin/git/derbent/target/classes:/home/yasin/.m2/repository/com/vaadin/vaadin/24.8.3/vaadin-24.8.3.jar:/home/yasin/.m2/repository/com/vaadin/vaadin-internal/24.8.3/vaadin-internal-24.8.3.jar:/home/yasin/.m2/repository/com/vaadin/vaadin-core-internal/24.8.3/vaadin-core-internal-24.8.3.jar:/home/yasin/.m2/repository/com/vaadin/flow-lit-template/24.8.3/flow-lit-template-24.8.3.jar:/home/yasin/.m2/repository/com/vaadin/flow-react/24.8.3/flow-react-24.8.3.jar:/home/yasin/.m2/repository/com/vaadin/flow-html-components/24.8.3/flow-html-components-24.8.3.jar:/home/yasin/.m2/repository/com/vaadin/flow-data/24.8.3/flow-data-24.8.3.jar:/home/yasin/.m2/repository/com/vaadin/flow-dnd/24.8.3/flow-dnd-24.8.3.jar:/home/yasin/.m2/repository/com/vaadin/vaadin-lumo-theme/24.8.3/vaadin-lumo-theme-24.8.3.jar:/home/yasin/.m2/repository/com/vaadin/vaadin-material-theme/24.8.3/vaadin-material-theme-24.8.3.jar:/home/yasin/.m2/repository/com/vaadin/vaadin-core-components/24.8.3/vaadin-core-components-24.8.3.jar:/home/yasin/.m2/repository/com/vaadin/vaadin-accordion-flow/24.8.3/vaadin-accordion-flow-24.8.3.jar:/home/yasin/.m2/repository/com/vaadin/vaadin-avatar-flow/24.8.3/vaadin-avatar-flow-24.8.3.jar:/home/yasin/.m2/repository/com/vaadin/vaadin-card-flow/24.8.3/vaadin-card-flow-24.8.3.jar:/home/yasin/.m2/repository/com/vaadin/vaadin-checkbox-flow/24.8.3/vaadin-checkbox-flow-24.8.3.jar:/home/yasin/.m2/repository/com/vaadin/vaadin-combo-box-flow/24.8.3/vaadin-combo-box-flow-24.8.3.jar:/home/yasin/.m2/repository/com/vaadin/vaadin-confirm-dialog-flow/24.8.3/vaadin-confirm-dialog-flow-24.8.3.jar:/home/yasin/.m2/repository/com/vaadin/vaadin-custom-field-flow/24.8.3/vaadin-custom-field-flow-24.8.3.jar:/home/yasin/.m2/repository/com/vaadin/vaadin-date-picker-flow/24.8.3/vaadin-date-picker-flow-24.8.3.jar:/home/yasin/.m2/repository/com/vaadin/vaadin-date-time-picker-flow/24.8.3/vaadin-date-time-picker-flow-24.8.3.jar:/home/yasin/.m2/repository/com/vaadin/vaadin-details-flow/24.8.3/vaadin-details-flow-24.8.3.jar:/home/yasin/.m2/repository/com/vaadin/vaadin-time-picker-flow/24.8.3/vaadin-time-picker-flow-24.8.3.jar:/home/yasin/.m2/repository/com/vaadin/vaadin-select-flow/24.8.3/vaadin-select-flow-24.8.3.jar:/home/yasin/.m2/repository/com/vaadin/vaadin-side-nav-flow/24.8.3/vaadin-side-nav-flow-24.8.3.jar:/home/yasin/.m2/repository/com/vaadin/vaadin-dialog-flow/24.8.3/vaadin-dialog-flow-24.8.3.jar:/home/yasin/.m2/repository/com/vaadin/vaadin-form-layout-flow/24.8.3/vaadin-form-layout-flow-24.8.3.jar:/home/yasin/.m2/repository/com/vaadin/vaadin-field-highlighter-flow/24.8.3/vaadin-field-highlighter-flow-24.8.3.jar:/home/yasin/.m2/repository/com/vaadin/vaadin-virtual-list-flow/24.8.3/vaadin-virtual-list-flow-24.8.3.jar:/home/yasin/.m2/repository/com/vaadin/vaadin-list-box-flow/24.8.3/vaadin-list-box-flow-24.8.3.jar:/home/yasin/.m2/repository/com/vaadin/vaadin-login-flow/24.8.3/vaadin-login-flow-24.8.3.jar:/home/yasin/.m2/repository/com/vaadin/vaadin-markdown-flow/24.8.3/vaadin-markdown-flow-24.8.3.jar:/home/yasin/.m2/repository/com/vaadin/vaadin-master-detail-layout-flow/24.8.3/vaadin-master-detail-layout-flow-24.8.3.jar:/home/yasin/.m2/repository/com/vaadin/vaadin-messages-flow/24.8.3/vaadin-messages-flow-24.8.3.jar:/home/yasin/.m2/repository/com/vaadin/vaadin-progress-bar-flow/24.8.3/vaadin-progress-bar-flow-24.8.3.jar:/home/yasin/.m2/repository/com/vaadin/vaadin-popover-flow/24.8.3/vaadin-popover-flow-24.8.3.jar:/home/yasin/.m2/repository/com/vaadin/vaadin-radio-button-flow/24.8.3/vaadin-radio-button-flow-24.8.3.jar:/home/yasin/.m2/repository/com/vaadin/vaadin-split-layout-flow/24.8.3/vaadin-split-layout-flow-24.8.3.jar:/hom
